
Microsoft Visual Studio Solution File, Format Version 12.00
# Visual Studio Version 17
VisualStudioVersion = 17.0.31903.59
MinimumVisualStudioVersion = 10.0.40219.1
Project("{2150E333-8FDC-42A3-9474-1A3956D46DE8}") = "src", "src", "{672775DB-18B5-4E93-ABCB-0EE9BE8FE527}"
EndProject
Project("{FAE04EC0-301F-11D3-BF4B-00C04F79EFBC}") = "EWS.Domain", "src\EWS.Domain\EWS.Domain.csproj", "{420ED2A2-579A-4524-988E-033F885B0D9D}"
EndProject
Project("{FAE04EC0-301F-11D3-BF4B-00C04F79EFBC}") = "EWS.Application", "src\EWS.Application\EWS.Application.csproj", "{09CDEBCE-FB47-4399-9042-20EDA7A1CBE5}"
EndProject
Project("{FAE04EC0-301F-11D3-BF4B-00C04F79EFBC}") = "EWS.Infrastructure", "src\EWS.Infrastructure\EWS.Infrastructure.csproj", "{17231008-2BFC-4655-B975-644A3246B938}"
EndProject
Project("{FAE04EC0-301F-11D3-BF4B-00C04F79EFBC}") = "EWS.API", "src\EWS.API\EWS.API.csproj", "{94C5E1D2-3CE4-4F72-99A7-E7F083D9F1E7}"
EndProject
Project("{2150E333-8FDC-42A3-9474-1A3956D46DE8}") = "tests", "tests", "{C4764516-524F-40EA-B100-FBD2E173F8DA}"
EndProject
Project("{FAE04EC0-301F-11D3-BF4B-00C04F79EFBC}") = "EWS.Application.Tests", "tests\EWS.Application.Tests\EWS.Application.Tests.csproj", "{E3D743E5-1BF3-4768-9D0A-A14025E8352B}"
EndProject
Global
	GlobalSection(SolutionConfigurationPlatforms) = preSolution
		Debug|Any CPU = Debug|Any CPU
		Release|Any CPU = Release|Any CPU
	EndGlobalSection
	GlobalSection(SolutionProperties) = preSolution
		HideSolutionNode = FALSE
	EndGlobalSection
	GlobalSection(ProjectConfigurationPlatforms) = postSolution
		{420ED2A2-579A-4524-988E-033F885B0D9D}.Debug|Any CPU.ActiveCfg = Debug|Any CPU
		{420ED2A2-579A-4524-988E-033F885B0D9D}.Debug|Any CPU.Build.0 = Debug|Any CPU
		{420ED2A2-579A-4524-988E-033F885B0D9D}.Release|Any CPU.ActiveCfg = Release|Any CPU
		{420ED2A2-579A-4524-988E-033F885B0D9D}.Release|Any CPU.Build.0 = Release|Any CPU
		{09CDEBCE-FB47-4399-9042-20EDA7A1CBE5}.Debug|Any CPU.ActiveCfg = Debug|Any CPU
		{09CDEBCE-FB47-4399-9042-20EDA7A1CBE5}.Debug|Any CPU.Build.0 = Debug|Any CPU
		{09CDEBCE-FB47-4399-9042-20EDA7A1CBE5}.Release|Any CPU.ActiveCfg = Release|Any CPU
		{09CDEBCE-FB47-4399-9042-20EDA7A1CBE5}.Release|Any CPU.Build.0 = Release|Any CPU
		{17231008-2BFC-4655-B975-644A3246B938}.Debug|Any CPU.ActiveCfg = Debug|Any CPU
		{17231008-2BFC-4655-B975-644A3246B938}.Debug|Any CPU.Build.0 = Debug|Any CPU
		{17231008-2BFC-4655-B975-644A3246B938}.Release|Any CPU.ActiveCfg = Release|Any CPU
		{17231008-2BFC-4655-B975-644A3246B938}.Release|Any CPU.Build.0 = Release|Any CPU
		{94C5E1D2-3CE4-4F72-99A7-E7F083D9F1E7}.Debug|Any CPU.ActiveCfg = Debug|Any CPU
		{94C5E1D2-3CE4-4F72-99A7-E7F083D9F1E7}.Debug|Any CPU.Build.0 = Debug|Any CPU
		{94C5E1D2-3CE4-4F72-99A7-E7F083D9F1E7}.Release|Any CPU.ActiveCfg = Release|Any CPU
		{94C5E1D2-3CE4-4F72-99A7-E7F083D9F1E7}.Release|Any CPU.Build.0 = Release|Any CPU
		{E3D743E5-1BF3-4768-9D0A-A14025E8352B}.Debug|Any CPU.ActiveCfg = Debug|Any CPU
		{E3D743E5-1BF3-4768-9D0A-A14025E8352B}.Debug|Any CPU.Build.0 = Debug|Any CPU
		{E3D743E5-1BF3-4768-9D0A-A14025E8352B}.Release|Any CPU.ActiveCfg = Release|Any CPU
		{E3D743E5-1BF3-4768-9D0A-A14025E8352B}.Release|Any CPU.Build.0 = Release|Any CPU
	EndGlobalSection
	GlobalSection(NestedProjects) = preSolution
		{420ED2A2-579A-4524-988E-033F885B0D9D} = {672775DB-18B5-4E93-ABCB-0EE9BE8FE527}
		{09CDEBCE-FB47-4399-9042-20EDA7A1CBE5} = {672775DB-18B5-4E93-ABCB-0EE9BE8FE527}
		{17231008-2BFC-4655-B975-644A3246B938} = {672775DB-18B5-4E93-ABCB-0EE9BE8FE527}
		{94C5E1D2-3CE4-4F72-99A7-E7F083D9F1E7} = {672775DB-18B5-4E93-ABCB-0EE9BE8FE527}
		{E3D743E5-1BF3-4768-9D0A-A14025E8352B} = {C4764516-524F-40EA-B100-FBD2E173F8DA}
	EndGlobalSection
EndGlobal
